
Microsoft Visual Studio Solution File, Format Version 12.00
# Visual Studio Version 17
VisualStudioVersion = 17.14.36301.6 d17.14
MinimumVisualStudioVersion = 10.0.40219.1
Project("{FAE04EC0-301F-11D3-BF4B-00C04F79EFBC}") = "AreaCalculator", "AreaCalculator\AreaCalculator.csproj", "{DC5AC78F-3E95-4E03-9467-3769E25B35AD}"
EndProject
Global
	GlobalSection(SolutionConfigurationPlatforms) = preSolution
		Debug|Any CPU = Debug|Any CPU
		Release|Any CPU = Release|Any CPU
	EndGlobalSection
	GlobalSection(ProjectConfigurationPlatforms) = postSolution
		{DC5AC78F-3E95-4E03-9467-3769E25B35AD}.Debug|Any CPU.ActiveCfg = Debug|Any CPU
		{DC5AC78F-3E95-4E03-9467-3769E25B35AD}.Debug|Any CPU.Build.0 = Debug|Any CPU
		{DC5AC78F-3E95-4E03-9467-3769E25B35AD}.Release|Any CPU.ActiveCfg = Release|Any CPU
		{DC5AC78F-3E95-4E03-9467-3769E25B35AD}.Release|Any CPU.Build.0 = Release|Any CPU
	EndGlobalSection
	GlobalSection(SolutionProperties) = preSolution
		HideSolutionNode = FALSE
	EndGlobalSection
	GlobalSection(ExtensibilityGlobals) = postSolution
		SolutionGuid = {86D65FBE-72CE-4141-858F-F046A259C7FC}
	EndGlobalSection
EndGlobal
